{
  "name": "@gershy/pollen-sokt",
  "version": "0.0.7",
  "lockfileVersion": 3,
  "requires": true,
  "packages": {
    "": {
      "name": "@gershy/pollen-sokt",
      "version": "0.0.7",
      "dependencies": {
        "@gershy/pollen": "^0.0.4",
        "@gershy/util-codec-parse": "^0.0.22"
      },
      "devDependencies": {
        "@gershy/entry": "^0.0.25",
        "@gershy/util-http": "^0.0.23",
        "@types/node": "^24.10.1"
      },
      "peerDependencies": {
        "@gershy/clearing": "^0.0.54"
      }
    },
    "node_modules/@gershy/clearing": {
      "version": "0.0.54",
      "resolved": "https://registry.npmjs.org/@gershy/clearing/-/clearing-0.0.54.tgz",
      "integrity": "sha512-a32MhLKfJ9ZCpSr3NAt01vK8OVx8Y0rAyzbp1GkN3uE2noLcMoyV2z3wrm7aG5b9ZUCBodTmsK6r16eNHKEdbA==",
      "license": "ISC",
      "peer": true
    },
    "node_modules/@gershy/entry": {
      "version": "0.0.25",
      "resolved": "https://registry.npmjs.org/@gershy/entry/-/entry-0.0.25.tgz",
      "integrity": "sha512-lnnPSmlMXevBw5d+gLidRbfcnxRAr284pCNDYkR1gJlpoMuTiI7Z+5jksMoqDOw/tGlNOjDR/LUcTolh0O8GWQ==",
      "dev": true,
      "license": "ISC",
      "dependencies": {
        "@gershy/logger": "^0.0.22",
        "@gershy/util-codec-parse": "^0.0.22"
      },
      "peerDependencies": {
        "@gershy/clearing": "^0.0.54"
      }
    },
    "node_modules/@gershy/logger": {
      "version": "0.0.22",
      "resolved": "https://registry.npmjs.org/@gershy/logger/-/logger-0.0.22.tgz",
      "integrity": "sha512-Od2UJlpUhrHfop8LgV4bRBBZXAbkBcp8zQPxlKJNcflO19Tcids55Vr6T1EiH/8ao68KiTz+qBH4MC2/LlLD/Q==",
      "dev": true,
      "license": "ISC",
      "peerDependencies": {
        "@gershy/clearing": "^0.0.54"
      }
    },
    "node_modules/@gershy/pollen": {
      "version": "0.0.4",
      "resolved": "https://registry.npmjs.org/@gershy/pollen/-/pollen-0.0.4.tgz",
      "integrity": "sha512-nsbU2ykHi1ovD4CxUcfY+z6MIZk1AnsUF4iFILyeBy+ZTZDSK7W+ph/7F5JSMScChmhi+H/0O1l7vY0xU+WKKA==",
      "peerDependencies": {
        "@gershy/clearing": "^0.0.54"
      }
    },
    "node_modules/@gershy/util-codec-parse": {
      "version": "0.0.22",
      "resolved": "https://registry.npmjs.org/@gershy/util-codec-parse/-/util-codec-parse-0.0.22.tgz",
      "integrity": "sha512-D3faT1L4hnT/HkJk2H8Jf28dGHgemDHeYahpsCve2Y0cyoozaTJWkoB77nJks3tSdYmEUhuE+9My2ZyvTw+2BA==",
      "license": "ISC",
      "peerDependencies": {
        "@gershy/clearing": "^0.0.54"
      }
    },
    "node_modules/@gershy/util-http": {
      "version": "0.0.23",
      "resolved": "https://registry.npmjs.org/@gershy/util-http/-/util-http-0.0.23.tgz",
      "integrity": "sha512-SENoZ+fazDCGcdWnCBDUdhXVi/Jzl8410vv8wfSJ9dMqRaUlXfL9Oqi6VhwA9zRsVRt6gDMqbbOSunLIrfTZYA==",
      "dev": true,
      "license": "ISC",
      "peerDependencies": {
        "@gershy/clearing": "^0.0.54"
      }
    },
    "node_modules/@types/node": {
      "version": "24.13.3",
      "resolved": "https://registry.npmjs.org/@types/node/-/node-24.13.3.tgz",
      "integrity": "sha512-Dh8vAsV36ig5wa9OX4pXvMc9D3Veibfw2wix0CUwYODLD8nkj9UsLjASr49nPg+2eKzxhBV+v7L8pXvT4e639Q==",
      "dev": true,
      "license": "MIT",
      "dependencies": {
        "undici-types": "~7.18.0"
      }
    },
    "node_modules/undici-types": {
      "version": "7.18.2",
      "resolved": "https://registry.npmjs.org/undici-types/-/undici-types-7.18.2.tgz",
      "integrity": "sha512-AsuCzffGHJybSaRrmr5eHr81mwJU3kjw6M+uprWvCXiNeN9SOGwQ3Jn8jb8m3Z6izVgknn1R0FTCEAP2QrLY/w==",
      "dev": true,
      "license": "MIT"
    }
  }
}
